
Microsoft Visual Studio Solution File, Format Version 11.00
# Visual Studio 2010
Project("{8BC9CEB8-8B4A-11D0-8D11-00A0C91BC942}") = "main", "source\main\main.vcxproj", "{E37F5194-34DA-45D1-8C5B-C07969DEF4C0}"
EndProject
Project("{2150E333-8FDC-42A3-9474-1A3956D46DE8}") = "(third_party)", "(third_party)", "{F4DCDEA5-51BC-422E-B982-6C5537F66158}"
EndProject
Project("{2150E333-8FDC-42A3-9474-1A3956D46DE8}") = "(chromium)", "(chromium)", "{AF0558A3-29DF-46E9-8B6B-88DB6E2CDF03}"
EndProject
Project("{2150E333-8FDC-42A3-9474-1A3956D46DE8}") = "(base)", "(base)", "{5F95954B-A3D0-4CCC-A74B-22A4B32BFCE5}"
EndProject
Project("{8BC9CEB8-8B4A-11D0-8D11-00A0C91BC942}") = "base", "source\third_party\chromium\base\base.vcxproj", "{ED99D404-F6B3-517A-4EA7-604A10269355}"
EndProject
Project("{2150E333-8FDC-42A3-9474-1A3956D46DE8}") = "(third_party)", "(third_party)", "{3040E242-77E0-4D4C-9D20-2DDB31C223DE}"
EndProject
Project("{2150E333-8FDC-42A3-9474-1A3956D46DE8}") = "(dynamic_annotations)", "(dynamic_annotations)", "{55850048-0708-44A2-B1A0-5BFE6B22D242}"
EndProject
Project("{8BC9CEB8-8B4A-11D0-8D11-00A0C91BC942}") = "dynamic_annotations", "source\third_party\chromium\base\third_party\dynamic_annotations\dynamic_annotations.vcxproj", "{B68EE2BD-0BA9-9949-464B-39FFE5CABD0A}"
EndProject
Project("{8BC9CEB8-8B4A-11D0-8D11-00A0C91BC942}") = "base_static", "source\third_party\chromium\base\base_static.vcxproj", "{FF406463-E0EF-C1B2-C0B8-072E8EE1C97F}"
EndProject
Project("{2150E333-8FDC-42A3-9474-1A3956D46DE8}") = "(ui)", "(ui)", "{628BD358-5200-454E-ACBC-4297199F8823}"
EndProject
Project("{8BC9CEB8-8B4A-11D0-8D11-00A0C91BC942}") = "ui", "source\third_party\chromium\ui\ui.vcxproj", "{BB1B1D62-407D-6FC4-1CB9-26F0C1394C87}"
EndProject
Project("{2150E333-8FDC-42A3-9474-1A3956D46DE8}") = "(third_party)", "(third_party)", "{59E351AA-EDAD-4C9B-A3FA-5030C72729EB}"
EndProject
Project("{8BC9CEB8-8B4A-11D0-8D11-00A0C91BC942}") = "base_i18n", "source\third_party\chromium\base\base_i18n.vcxproj", "{7A0B983D-22D4-D091-B285-E84DFBE961C4}"
EndProject
Project("{2150E333-8FDC-42A3-9474-1A3956D46DE8}") = "(icu)", "(icu)", "{063EA9A3-899D-4249-B61E-3B9CF7C9D294}"
EndProject
Project("{8BC9CEB8-8B4A-11D0-8D11-00A0C91BC942}") = "icui18n", "source\third_party\chromium\third_party\icu\icui18n.vcxproj", "{513A02D2-BDCF-3924-3ECB-A5E20DC44AAF}"
EndProject
Project("{8BC9CEB8-8B4A-11D0-8D11-00A0C91BC942}") = "icuuc", "source\third_party\chromium\third_party\icu\icuuc.vcxproj", "{6D7BCAA8-D240-88D9-B5A3-979C8A69C9B4}"
EndProject
Project("{2150E333-8FDC-42A3-9474-1A3956D46DE8}") = "(skia)", "(skia)", "{2EA22676-7A63-4ECF-9101-A440B03F8963}"
EndProject
Project("{8BC9CEB8-8B4A-11D0-8D11-00A0C91BC942}") = "skia", "source\third_party\chromium\skia\skia.vcxproj", "{2BC38797-AEE3-4283-32A2-4C72B93A8EBB}"
EndProject
Project("{2150E333-8FDC-42A3-9474-1A3956D46DE8}") = "(libpng)", "(libpng)", "{352FF2CA-088E-4136-BD7C-B7E79D07A279}"
EndProject
Project("{8BC9CEB8-8B4A-11D0-8D11-00A0C91BC942}") = "libpng", "source\third_party\chromium\third_party\libpng\libpng.vcxproj", "{A3DFEC80-7E9B-7D05-1866-0E08B191B9D8}"
EndProject
Project("{2150E333-8FDC-42A3-9474-1A3956D46DE8}") = "(zlib)", "(zlib)", "{63472C19-16A5-4CF4-BEBA-8A17FDAB3B8B}"
EndProject
Project("{8BC9CEB8-8B4A-11D0-8D11-00A0C91BC942}") = "zlib", "source\third_party\chromium\third_party\zlib\zlib.vcxproj", "{57997958-0CDB-A2A6-B81A-C5CADFC6E484}"
EndProject
Project("{8BC9CEB8-8B4A-11D0-8D11-00A0C91BC942}") = "skia_opts", "source\third_party\chromium\skia\skia_opts.vcxproj", "{34E18AA2-8A49-90AE-DEC1-E1426B16C976}"
EndProject
Project("{2150E333-8FDC-42A3-9474-1A3956D46DE8}") = "(views)", "(views)", "{C2921017-ABF7-4CDB-A302-36D99BBFFB40}"
EndProject
Project("{8BC9CEB8-8B4A-11D0-8D11-00A0C91BC942}") = "views", "source\third_party\chromium\views\views.vcxproj", "{BE156A28-53AA-9979-412E-23609C67FBEB}"
EndProject
Project("{2150E333-8FDC-42A3-9474-1A3956D46DE8}") = "(gfx)", "(gfx)", "{732F599F-1691-4EDE-AAC0-BDA712301CCB}"
EndProject
Project("{2150E333-8FDC-42A3-9474-1A3956D46DE8}") = "(compositor)", "(compositor)", "{4F4AB669-8945-40EB-9872-97D39E49A1A6}"
EndProject
Project("{8BC9CEB8-8B4A-11D0-8D11-00A0C91BC942}") = "compositor", "source\third_party\chromium\ui\gfx\compositor\compositor.vcxproj", "{4153D125-92AB-E2B3-E048-D0665A1E6ABE}"
EndProject
Project("{2150E333-8FDC-42A3-9474-1A3956D46DE8}") = "(build)", "(build)", "{28EE2CC8-9337-4F3A-9322-3D5B39D9976C}"
EndProject
Project("{2150E333-8FDC-42A3-9474-1A3956D46DE8}") = "(temp_gyp)", "(temp_gyp)", "{3FBB6830-A2B4-4A14-88CE-8F9FA14B6499}"
EndProject
Project("{8BC9CEB8-8B4A-11D0-8D11-00A0C91BC942}") = "googleurl", "source\third_party\chromium\build\temp_gyp\googleurl.vcxproj", "{FEDDD57A-3998-FF67-2A96-22B81E2FA896}"
EndProject
Global
	GlobalSection(SolutionConfigurationPlatforms) = preSolution
		Debug|Win32 = Debug|Win32
		Debug|x64 = Debug|x64
		Release|Win32 = Release|Win32
		Release|x64 = Release|x64
	EndGlobalSection
	GlobalSection(ProjectConfigurationPlatforms) = postSolution
		{E37F5194-34DA-45D1-8C5B-C07969DEF4C0}.Debug|Win32.ActiveCfg = Debug|Win32
		{E37F5194-34DA-45D1-8C5B-C07969DEF4C0}.Debug|Win32.Build.0 = Debug|Win32
		{E37F5194-34DA-45D1-8C5B-C07969DEF4C0}.Debug|x64.ActiveCfg = Debug|Win32
		{E37F5194-34DA-45D1-8C5B-C07969DEF4C0}.Release|Win32.ActiveCfg = Release|Win32
		{E37F5194-34DA-45D1-8C5B-C07969DEF4C0}.Release|Win32.Build.0 = Release|Win32
		{E37F5194-34DA-45D1-8C5B-C07969DEF4C0}.Release|x64.ActiveCfg = Release|Win32
		{ED99D404-F6B3-517A-4EA7-604A10269355}.Debug|Win32.ActiveCfg = Debug|Win32
		{ED99D404-F6B3-517A-4EA7-604A10269355}.Debug|Win32.Build.0 = Debug|Win32
		{ED99D404-F6B3-517A-4EA7-604A10269355}.Debug|x64.ActiveCfg = Debug|x64
		{ED99D404-F6B3-517A-4EA7-604A10269355}.Debug|x64.Build.0 = Debug|x64
		{ED99D404-F6B3-517A-4EA7-604A10269355}.Release|Win32.ActiveCfg = Release|Win32
		{ED99D404-F6B3-517A-4EA7-604A10269355}.Release|Win32.Build.0 = Release|Win32
		{ED99D404-F6B3-517A-4EA7-604A10269355}.Release|x64.ActiveCfg = Release|x64
		{ED99D404-F6B3-517A-4EA7-604A10269355}.Release|x64.Build.0 = Release|x64
		{B68EE2BD-0BA9-9949-464B-39FFE5CABD0A}.Debug|Win32.ActiveCfg = Debug|Win32
		{B68EE2BD-0BA9-9949-464B-39FFE5CABD0A}.Debug|Win32.Build.0 = Debug|Win32
		{B68EE2BD-0BA9-9949-464B-39FFE5CABD0A}.Debug|x64.ActiveCfg = Debug|x64
		{B68EE2BD-0BA9-9949-464B-39FFE5CABD0A}.Debug|x64.Build.0 = Debug|x64
		{B68EE2BD-0BA9-9949-464B-39FFE5CABD0A}.Release|Win32.ActiveCfg = Release|Win32
		{B68EE2BD-0BA9-9949-464B-39FFE5CABD0A}.Release|Win32.Build.0 = Release|Win32
		{B68EE2BD-0BA9-9949-464B-39FFE5CABD0A}.Release|x64.ActiveCfg = Release|x64
		{B68EE2BD-0BA9-9949-464B-39FFE5CABD0A}.Release|x64.Build.0 = Release|x64
		{FF406463-E0EF-C1B2-C0B8-072E8EE1C97F}.Debug|Win32.ActiveCfg = Debug|Win32
		{FF406463-E0EF-C1B2-C0B8-072E8EE1C97F}.Debug|Win32.Build.0 = Debug|Win32
		{FF406463-E0EF-C1B2-C0B8-072E8EE1C97F}.Debug|x64.ActiveCfg = Debug|x64
		{FF406463-E0EF-C1B2-C0B8-072E8EE1C97F}.Debug|x64.Build.0 = Debug|x64
		{FF406463-E0EF-C1B2-C0B8-072E8EE1C97F}.Release|Win32.ActiveCfg = Release|Win32
		{FF406463-E0EF-C1B2-C0B8-072E8EE1C97F}.Release|Win32.Build.0 = Release|Win32
		{FF406463-E0EF-C1B2-C0B8-072E8EE1C97F}.Release|x64.ActiveCfg = Release|x64
		{FF406463-E0EF-C1B2-C0B8-072E8EE1C97F}.Release|x64.Build.0 = Release|x64
		{BB1B1D62-407D-6FC4-1CB9-26F0C1394C87}.Debug|Win32.ActiveCfg = Debug|Win32
		{BB1B1D62-407D-6FC4-1CB9-26F0C1394C87}.Debug|Win32.Build.0 = Debug|Win32
		{BB1B1D62-407D-6FC4-1CB9-26F0C1394C87}.Debug|x64.ActiveCfg = Debug|x64
		{BB1B1D62-407D-6FC4-1CB9-26F0C1394C87}.Debug|x64.Build.0 = Debug|x64
		{BB1B1D62-407D-6FC4-1CB9-26F0C1394C87}.Release|Win32.ActiveCfg = Release|Win32
		{BB1B1D62-407D-6FC4-1CB9-26F0C1394C87}.Release|Win32.Build.0 = Release|Win32
		{BB1B1D62-407D-6FC4-1CB9-26F0C1394C87}.Release|x64.ActiveCfg = Release|x64
		{BB1B1D62-407D-6FC4-1CB9-26F0C1394C87}.Release|x64.Build.0 = Release|x64
		{7A0B983D-22D4-D091-B285-E84DFBE961C4}.Debug|Win32.ActiveCfg = Debug|Win32
		{7A0B983D-22D4-D091-B285-E84DFBE961C4}.Debug|Win32.Build.0 = Debug|Win32
		{7A0B983D-22D4-D091-B285-E84DFBE961C4}.Debug|x64.ActiveCfg = Debug|x64
		{7A0B983D-22D4-D091-B285-E84DFBE961C4}.Debug|x64.Build.0 = Debug|x64
		{7A0B983D-22D4-D091-B285-E84DFBE961C4}.Release|Win32.ActiveCfg = Release|Win32
		{7A0B983D-22D4-D091-B285-E84DFBE961C4}.Release|Win32.Build.0 = Release|Win32
		{7A0B983D-22D4-D091-B285-E84DFBE961C4}.Release|x64.ActiveCfg = Release|x64
		{7A0B983D-22D4-D091-B285-E84DFBE961C4}.Release|x64.Build.0 = Release|x64
		{513A02D2-BDCF-3924-3ECB-A5E20DC44AAF}.Debug|Win32.ActiveCfg = Debug|Win32
		{513A02D2-BDCF-3924-3ECB-A5E20DC44AAF}.Debug|Win32.Build.0 = Debug|Win32
		{513A02D2-BDCF-3924-3ECB-A5E20DC44AAF}.Debug|x64.ActiveCfg = Debug|x64
		{513A02D2-BDCF-3924-3ECB-A5E20DC44AAF}.Debug|x64.Build.0 = Debug|x64
		{513A02D2-BDCF-3924-3ECB-A5E20DC44AAF}.Release|Win32.ActiveCfg = Release|Win32
		{513A02D2-BDCF-3924-3ECB-A5E20DC44AAF}.Release|Win32.Build.0 = Release|Win32
		{513A02D2-BDCF-3924-3ECB-A5E20DC44AAF}.Release|x64.ActiveCfg = Release|x64
		{513A02D2-BDCF-3924-3ECB-A5E20DC44AAF}.Release|x64.Build.0 = Release|x64
		{6D7BCAA8-D240-88D9-B5A3-979C8A69C9B4}.Debug|Win32.ActiveCfg = Debug|Win32
		{6D7BCAA8-D240-88D9-B5A3-979C8A69C9B4}.Debug|Win32.Build.0 = Debug|Win32
		{6D7BCAA8-D240-88D9-B5A3-979C8A69C9B4}.Debug|x64.ActiveCfg = Debug|x64
		{6D7BCAA8-D240-88D9-B5A3-979C8A69C9B4}.Debug|x64.Build.0 = Debug|x64
		{6D7BCAA8-D240-88D9-B5A3-979C8A69C9B4}.Release|Win32.ActiveCfg = Release|Win32
		{6D7BCAA8-D240-88D9-B5A3-979C8A69C9B4}.Release|Win32.Build.0 = Release|Win32
		{6D7BCAA8-D240-88D9-B5A3-979C8A69C9B4}.Release|x64.ActiveCfg = Release|x64
		{6D7BCAA8-D240-88D9-B5A3-979C8A69C9B4}.Release|x64.Build.0 = Release|x64
		{2BC38797-AEE3-4283-32A2-4C72B93A8EBB}.Debug|Win32.ActiveCfg = Debug|Win32
		{2BC38797-AEE3-4283-32A2-4C72B93A8EBB}.Debug|Win32.Build.0 = Debug|Win32
		{2BC38797-AEE3-4283-32A2-4C72B93A8EBB}.Debug|x64.ActiveCfg = Debug|x64
		{2BC38797-AEE3-4283-32A2-4C72B93A8EBB}.Debug|x64.Build.0 = Debug|x64
		{2BC38797-AEE3-4283-32A2-4C72B93A8EBB}.Release|Win32.ActiveCfg = Release|Win32
		{2BC38797-AEE3-4283-32A2-4C72B93A8EBB}.Release|Win32.Build.0 = Release|Win32
		{2BC38797-AEE3-4283-32A2-4C72B93A8EBB}.Release|x64.ActiveCfg = Release|x64
		{2BC38797-AEE3-4283-32A2-4C72B93A8EBB}.Release|x64.Build.0 = Release|x64
		{A3DFEC80-7E9B-7D05-1866-0E08B191B9D8}.Debug|Win32.ActiveCfg = Debug|Win32
		{A3DFEC80-7E9B-7D05-1866-0E08B191B9D8}.Debug|Win32.Build.0 = Debug|Win32
		{A3DFEC80-7E9B-7D05-1866-0E08B191B9D8}.Debug|x64.ActiveCfg = Debug|x64
		{A3DFEC80-7E9B-7D05-1866-0E08B191B9D8}.Debug|x64.Build.0 = Debug|x64
		{A3DFEC80-7E9B-7D05-1866-0E08B191B9D8}.Release|Win32.ActiveCfg = Release|Win32
		{A3DFEC80-7E9B-7D05-1866-0E08B191B9D8}.Release|Win32.Build.0 = Release|Win32
		{A3DFEC80-7E9B-7D05-1866-0E08B191B9D8}.Release|x64.ActiveCfg = Release|x64
		{A3DFEC80-7E9B-7D05-1866-0E08B191B9D8}.Release|x64.Build.0 = Release|x64
		{57997958-0CDB-A2A6-B81A-C5CADFC6E484}.Debug|Win32.ActiveCfg = Debug|Win32
		{57997958-0CDB-A2A6-B81A-C5CADFC6E484}.Debug|Win32.Build.0 = Debug|Win32
		{57997958-0CDB-A2A6-B81A-C5CADFC6E484}.Debug|x64.ActiveCfg = Debug|x64
		{57997958-0CDB-A2A6-B81A-C5CADFC6E484}.Debug|x64.Build.0 = Debug|x64
		{57997958-0CDB-A2A6-B81A-C5CADFC6E484}.Release|Win32.ActiveCfg = Release|Win32
		{57997958-0CDB-A2A6-B81A-C5CADFC6E484}.Release|Win32.Build.0 = Release|Win32
		{57997958-0CDB-A2A6-B81A-C5CADFC6E484}.Release|x64.ActiveCfg = Release|x64
		{57997958-0CDB-A2A6-B81A-C5CADFC6E484}.Release|x64.Build.0 = Release|x64
		{34E18AA2-8A49-90AE-DEC1-E1426B16C976}.Debug|Win32.ActiveCfg = Debug|Win32
		{34E18AA2-8A49-90AE-DEC1-E1426B16C976}.Debug|Win32.Build.0 = Debug|Win32
		{34E18AA2-8A49-90AE-DEC1-E1426B16C976}.Debug|x64.ActiveCfg = Debug|x64
		{34E18AA2-8A49-90AE-DEC1-E1426B16C976}.Debug|x64.Build.0 = Debug|x64
		{34E18AA2-8A49-90AE-DEC1-E1426B16C976}.Release|Win32.ActiveCfg = Release|Win32
		{34E18AA2-8A49-90AE-DEC1-E1426B16C976}.Release|Win32.Build.0 = Release|Win32
		{34E18AA2-8A49-90AE-DEC1-E1426B16C976}.Release|x64.ActiveCfg = Release|x64
		{34E18AA2-8A49-90AE-DEC1-E1426B16C976}.Release|x64.Build.0 = Release|x64
		{BE156A28-53AA-9979-412E-23609C67FBEB}.Debug|Win32.ActiveCfg = Debug|Win32
		{BE156A28-53AA-9979-412E-23609C67FBEB}.Debug|Win32.Build.0 = Debug|Win32
		{BE156A28-53AA-9979-412E-23609C67FBEB}.Debug|x64.ActiveCfg = Debug|x64
		{BE156A28-53AA-9979-412E-23609C67FBEB}.Debug|x64.Build.0 = Debug|x64
		{BE156A28-53AA-9979-412E-23609C67FBEB}.Release|Win32.ActiveCfg = Release|Win32
		{BE156A28-53AA-9979-412E-23609C67FBEB}.Release|Win32.Build.0 = Release|Win32
		{BE156A28-53AA-9979-412E-23609C67FBEB}.Release|x64.ActiveCfg = Release|x64
		{BE156A28-53AA-9979-412E-23609C67FBEB}.Release|x64.Build.0 = Release|x64
		{4153D125-92AB-E2B3-E048-D0665A1E6ABE}.Debug|Win32.ActiveCfg = Debug|Win32
		{4153D125-92AB-E2B3-E048-D0665A1E6ABE}.Debug|Win32.Build.0 = Debug|Win32
		{4153D125-92AB-E2B3-E048-D0665A1E6ABE}.Debug|x64.ActiveCfg = Debug|x64
		{4153D125-92AB-E2B3-E048-D0665A1E6ABE}.Debug|x64.Build.0 = Debug|x64
		{4153D125-92AB-E2B3-E048-D0665A1E6ABE}.Release|Win32.ActiveCfg = Release|Win32
		{4153D125-92AB-E2B3-E048-D0665A1E6ABE}.Release|Win32.Build.0 = Release|Win32
		{4153D125-92AB-E2B3-E048-D0665A1E6ABE}.Release|x64.ActiveCfg = Release|x64
		{4153D125-92AB-E2B3-E048-D0665A1E6ABE}.Release|x64.Build.0 = Release|x64
		{FEDDD57A-3998-FF67-2A96-22B81E2FA896}.Debug|Win32.ActiveCfg = Debug|Win32
		{FEDDD57A-3998-FF67-2A96-22B81E2FA896}.Debug|Win32.Build.0 = Debug|Win32
		{FEDDD57A-3998-FF67-2A96-22B81E2FA896}.Debug|x64.ActiveCfg = Debug|x64
		{FEDDD57A-3998-FF67-2A96-22B81E2FA896}.Debug|x64.Build.0 = Debug|x64
		{FEDDD57A-3998-FF67-2A96-22B81E2FA896}.Release|Win32.ActiveCfg = Release|Win32
		{FEDDD57A-3998-FF67-2A96-22B81E2FA896}.Release|Win32.Build.0 = Release|Win32
		{FEDDD57A-3998-FF67-2A96-22B81E2FA896}.Release|x64.ActiveCfg = Release|x64
		{FEDDD57A-3998-FF67-2A96-22B81E2FA896}.Release|x64.Build.0 = Release|x64
	EndGlobalSection
	GlobalSection(SolutionProperties) = preSolution
		HideSolutionNode = FALSE
	EndGlobalSection
	GlobalSection(NestedProjects) = preSolution
		{AF0558A3-29DF-46E9-8B6B-88DB6E2CDF03} = {F4DCDEA5-51BC-422E-B982-6C5537F66158}
		{5F95954B-A3D0-4CCC-A74B-22A4B32BFCE5} = {AF0558A3-29DF-46E9-8B6B-88DB6E2CDF03}
		{628BD358-5200-454E-ACBC-4297199F8823} = {AF0558A3-29DF-46E9-8B6B-88DB6E2CDF03}
		{59E351AA-EDAD-4C9B-A3FA-5030C72729EB} = {AF0558A3-29DF-46E9-8B6B-88DB6E2CDF03}
		{2EA22676-7A63-4ECF-9101-A440B03F8963} = {AF0558A3-29DF-46E9-8B6B-88DB6E2CDF03}
		{C2921017-ABF7-4CDB-A302-36D99BBFFB40} = {AF0558A3-29DF-46E9-8B6B-88DB6E2CDF03}
		{28EE2CC8-9337-4F3A-9322-3D5B39D9976C} = {AF0558A3-29DF-46E9-8B6B-88DB6E2CDF03}
		{ED99D404-F6B3-517A-4EA7-604A10269355} = {5F95954B-A3D0-4CCC-A74B-22A4B32BFCE5}
		{3040E242-77E0-4D4C-9D20-2DDB31C223DE} = {5F95954B-A3D0-4CCC-A74B-22A4B32BFCE5}
		{FF406463-E0EF-C1B2-C0B8-072E8EE1C97F} = {5F95954B-A3D0-4CCC-A74B-22A4B32BFCE5}
		{7A0B983D-22D4-D091-B285-E84DFBE961C4} = {5F95954B-A3D0-4CCC-A74B-22A4B32BFCE5}
		{55850048-0708-44A2-B1A0-5BFE6B22D242} = {3040E242-77E0-4D4C-9D20-2DDB31C223DE}
		{B68EE2BD-0BA9-9949-464B-39FFE5CABD0A} = {55850048-0708-44A2-B1A0-5BFE6B22D242}
		{BB1B1D62-407D-6FC4-1CB9-26F0C1394C87} = {628BD358-5200-454E-ACBC-4297199F8823}
		{732F599F-1691-4EDE-AAC0-BDA712301CCB} = {628BD358-5200-454E-ACBC-4297199F8823}
		{063EA9A3-899D-4249-B61E-3B9CF7C9D294} = {59E351AA-EDAD-4C9B-A3FA-5030C72729EB}
		{352FF2CA-088E-4136-BD7C-B7E79D07A279} = {59E351AA-EDAD-4C9B-A3FA-5030C72729EB}
		{63472C19-16A5-4CF4-BEBA-8A17FDAB3B8B} = {59E351AA-EDAD-4C9B-A3FA-5030C72729EB}
		{513A02D2-BDCF-3924-3ECB-A5E20DC44AAF} = {063EA9A3-899D-4249-B61E-3B9CF7C9D294}
		{6D7BCAA8-D240-88D9-B5A3-979C8A69C9B4} = {063EA9A3-899D-4249-B61E-3B9CF7C9D294}
		{2BC38797-AEE3-4283-32A2-4C72B93A8EBB} = {2EA22676-7A63-4ECF-9101-A440B03F8963}
		{34E18AA2-8A49-90AE-DEC1-E1426B16C976} = {2EA22676-7A63-4ECF-9101-A440B03F8963}
		{A3DFEC80-7E9B-7D05-1866-0E08B191B9D8} = {352FF2CA-088E-4136-BD7C-B7E79D07A279}
		{57997958-0CDB-A2A6-B81A-C5CADFC6E484} = {63472C19-16A5-4CF4-BEBA-8A17FDAB3B8B}
		{BE156A28-53AA-9979-412E-23609C67FBEB} = {C2921017-ABF7-4CDB-A302-36D99BBFFB40}
		{4F4AB669-8945-40EB-9872-97D39E49A1A6} = {732F599F-1691-4EDE-AAC0-BDA712301CCB}
		{4153D125-92AB-E2B3-E048-D0665A1E6ABE} = {4F4AB669-8945-40EB-9872-97D39E49A1A6}
		{3FBB6830-A2B4-4A14-88CE-8F9FA14B6499} = {28EE2CC8-9337-4F3A-9322-3D5B39D9976C}
		{FEDDD57A-3998-FF67-2A96-22B81E2FA896} = {3FBB6830-A2B4-4A14-88CE-8F9FA14B6499}
	EndGlobalSection
EndGlobal
